
Microsoft Visual Studio Solution File, Format Version 12.00
Project("{FAE04EC0-301F-11D3-BF4B-00C04F79EFBC}") = "NetSDKCS", "NetSDKCS\NetSDKCS.csproj", "{60CFBA25-F7CE-4140-A7E3-5355A25198E5}"
EndProject
Project("{FAE04EC0-301F-11D3-BF4B-00C04F79EFBC}") = "Dahua.Server", "Dahua.Server\Dahua.Server.csproj", "{083ADD3F-10A0-49C7-BF69-9BB08D3E71FC}"
EndProject
Global
	GlobalSection(SolutionConfigurationPlatforms) = preSolution
		Debug|Any CPU = Debug|Any CPU
		Release|Any CPU = Release|Any CPU
	EndGlobalSection
	GlobalSection(ProjectConfigurationPlatforms) = postSolution
		{60CFBA25-F7CE-4140-A7E3-5355A25198E5}.Debug|Any CPU.ActiveCfg = Debug|x64
		{60CFBA25-F7CE-4140-A7E3-5355A25198E5}.Debug|Any CPU.Build.0 = Debug|x64
		{60CFBA25-F7CE-4140-A7E3-5355A25198E5}.Release|Any CPU.ActiveCfg = Release|x64
		{60CFBA25-F7CE-4140-A7E3-5355A25198E5}.Release|Any CPU.Build.0 = Release|x64
		{083ADD3F-10A0-49C7-BF69-9BB08D3E71FC}.Debug|Any CPU.ActiveCfg = Debug|Any CPU
		{083ADD3F-10A0-49C7-BF69-9BB08D3E71FC}.Debug|Any CPU.Build.0 = Debug|Any CPU
		{083ADD3F-10A0-49C7-BF69-9BB08D3E71FC}.Release|Any CPU.ActiveCfg = Release|Any CPU
		{083ADD3F-10A0-49C7-BF69-9BB08D3E71FC}.Release|Any CPU.Build.0 = Release|Any CPU
	EndGlobalSection
EndGlobal
